PODS:
  - YYImage (1.0.4):
    - YYImage/Core (= 1.0.4)
  - YYImage/Core (1.0.4)
  - YYModel (1.0.3)

DEPENDENCIES:
  - YYImage
  - YYModel (= 1.0.3)

SPEC REPOS:
  trunk:
    - YYImage
    - YYModel

SPEC CHECKSUMS:
  YYImage: 1e1b62a9997399593e4b9c4ecfbbabbf1d3f3b54
  YYModel: 63142c2f07c5c8c9d1c261689cf3827ea6ab2886

PODFILE CHECKSUM: 95a9822567c75d4b43dd837ef56eadfa12d0aecd

COCOAPODS: 1.9.1
